
Microsoft Visual Studio Solution File, Format Version 12.00
# Visual Studio 15
VisualStudioVersion = 15.0.26730.12
MinimumVisualStudioVersion = 10.0.40219.1
Project("{FAE04EC0-301F-11D3-BF4B-00C04F79EFBC}") = "ArrayMVCApp", "ArrayMVCApp\ArrayMVCApp.csproj", "{17508927-4ADD-41DB-BFF7-5C72D1345748}"
EndProject
Global
	GlobalSection(SolutionConfigurationPlatforms) = preSolution
		Debug|Any CPU = Debug|Any CPU
		Release|Any CPU = Release|Any CPU
	EndGlobalSection
	GlobalSection(ProjectConfigurationPlatforms) = postSolution
		{17508927-4ADD-41DB-BFF7-5C72D1345748}.Debug|Any CPU.ActiveCfg = Debug|Any CPU
		{17508927-4ADD-41DB-BFF7-5C72D1345748}.Debug|Any CPU.Build.0 = Debug|Any CPU
		{17508927-4ADD-41DB-BFF7-5C72D1345748}.Release|Any CPU.ActiveCfg = Release|Any CPU
		{17508927-4ADD-41DB-BFF7-5C72D1345748}.Release|Any CPU.Build.0 = Release|Any CPU
	EndGlobalSection
	GlobalSection(SolutionProperties) = preSolution
		HideSolutionNode = FALSE
	EndGlobalSection
	GlobalSection(ExtensibilityGlobals) = postSolution
		SolutionGuid = {E9C741D8-C22A-4E70-A57C-31A2253FDB77}
	EndGlobalSection
EndGlobal
